
Microsoft Visual Studio Solution File, Format Version 12.00
# Visual Studio Version 16
VisualStudioVersion = 16.0.30621.155
MinimumVisualStudioVersion = 10.0.40219.1
Project("{FAE04EC0-301F-11D3-BF4B-00C04F79EFBC}") = "Reservas_Hotel", "Reservas_Hotel\Reservas_Hotel.csproj", "{3A659285-03D0-4F84-8AEC-F4F14C48AC0D}"
EndProject
Global
	GlobalSection(SolutionConfigurationPlatforms) = preSolution
		Debug|Any CPU = Debug|Any CPU
		Release|Any CPU = Release|Any CPU
	EndGlobalSection
	GlobalSection(ProjectConfigurationPlatforms) = postSolution
		{3A659285-03D0-4F84-8AEC-F4F14C48AC0D}.Debug|Any CPU.ActiveCfg = Debug|Any CPU
		{3A659285-03D0-4F84-8AEC-F4F14C48AC0D}.Debug|Any CPU.Build.0 = Debug|Any CPU
		{3A659285-03D0-4F84-8AEC-F4F14C48AC0D}.Release|Any CPU.ActiveCfg = Release|Any CPU
		{3A659285-03D0-4F84-8AEC-F4F14C48AC0D}.Release|Any CPU.Build.0 = Release|Any CPU
	EndGlobalSection
	GlobalSection(SolutionProperties) = preSolution
		HideSolutionNode = FALSE
	EndGlobalSection
	GlobalSection(ExtensibilityGlobals) = postSolution
		SolutionGuid = {2BCB9DAE-F1E4-473F-ACDD-33C9F91A56C3}
	EndGlobalSection
EndGlobal
